
Microsoft Visual Studio Solution File, Format Version 12.00
# Visual Studio Version 17
VisualStudioVersion = 17.0.32014.148
MinimumVisualStudioVersion = 10.0.40219.1
Project("{FAE04EC0-301F-11D3-BF4B-00C04F79EFBC}") = "EFCoreTutorials", "EFCoreTutorials\EFCoreTutorials.csproj", "{30C90129-BC98-4131-9302-A8BE5ABB004A}"
EndProject
Global
	GlobalSection(SolutionConfigurationPlatforms) = preSolution
		Debug|Any CPU = Debug|Any CPU
		Release|Any CPU = Release|Any CPU
	EndGlobalSection
	GlobalSection(ProjectConfigurationPlatforms) = postSolution
		{30C90129-BC98-4131-9302-A8BE5ABB004A}.Debug|Any CPU.ActiveCfg = Debug|Any CPU
		{30C90129-BC98-4131-9302-A8BE5ABB004A}.Debug|Any CPU.Build.0 = Debug|Any CPU
		{30C90129-BC98-4131-9302-A8BE5ABB004A}.Release|Any CPU.ActiveCfg = Release|Any CPU
		{30C90129-BC98-4131-9302-A8BE5ABB004A}.Release|Any CPU.Build.0 = Release|Any CPU
	EndGlobalSection
	GlobalSection(SolutionProperties) = preSolution
		HideSolutionNode = FALSE
	EndGlobalSection
	GlobalSection(ExtensibilityGlobals) = postSolution
		SolutionGuid = {1D7DC61A-9B88-49C1-90DE-F9B3753A2173}
	EndGlobalSection
EndGlobal
